
Microsoft Visual Studio Solution File, Format Version 12.00
# Visual Studio 15
VisualStudioVersion = 15.0.28307.168
MinimumVisualStudioVersion = 10.0.40219.1
Project("{8BC9CEB8-8B4A-11D0-8D11-00A0C91BC942}") = "llvm-181230", "llvm-181230\llvm-181230.vcxproj", "{6FD7954A-4721-4B28-9EE1-93E5B063F18D}"
EndProject
Global
	GlobalSection(SolutionConfigurationPlatforms) = preSolution
		Debug|x86 = Debug|x86
	EndGlobalSection
	GlobalSection(ProjectConfigurationPlatforms) = postSolution
		{6FD7954A-4721-4B28-9EE1-93E5B063F18D}.Debug|x86.ActiveCfg = Debug|Win32
		{6FD7954A-4721-4B28-9EE1-93E5B063F18D}.Debug|x86.Build.0 = Debug|Win32
	EndGlobalSection
	GlobalSection(SolutionProperties) = preSolution
		HideSolutionNode = FALSE
	EndGlobalSection
	GlobalSection(ExtensibilityGlobals) = postSolution
		SolutionGuid = {44F44CCC-2B05-414B-BCC3-45C5B8CFBAE2}
	EndGlobalSection
EndGlobal
